# THIS IS AN AUTOGENERATED FILE. DO NOT EDIT THIS FILE DIRECTLY.
# yarn lockfile v1


"@fortawesome/fontawesome-free@5.7.0":
  version "5.7.0"
  resolved "https://registry.yarnpkg.com/@fortawesome/fontawesome-free/-/fontawesome-free-5.7.0.tgz#d28fd6248837ae5142c567f7ff50605824207e34"
  integrity sha512-jLikKhTPgYTY/IFIBwkPSh2JME5xK0b9DqXmTdlG/SUbMW0siHIJ+GLPTebL8qHO5R6xOth0uPHBL5/oZ7BeEQ==
